Microsoft Visual Studio Solution File, Format Version 12.00
# Visual Studio 15
Project("{8BC9CEB8-8B4A-11D0-8D11-00A0C91BC942}") = "ALL_BUILD", "ALL_BUILD.vcxproj", "{B4CD9BA9-0DED-3C0A-9DEA-11C6CF263419}"
	ProjectSection(ProjectDependencies) = postProject
		{BCDECE9F-3329-3D2F-A8FB-B68DFAADA4E0} = {BCDECE9F-3329-3D2F-A8FB-B68DFAADA4E0}
		{A2A7B57F-3C9F-32A3-A1B5-FE3DA4F0C31A} = {A2A7B57F-3C9F-32A3-A1B5-FE3DA4F0C31A}
	EndProjectSection
EndProject
Project("{8BC9CEB8-8B4A-11D0-8D11-00A0C91BC942}") = "ZERO_CHECK", "ZERO_CHECK.vcxproj", "{BCDECE9F-3329-3D2F-A8FB-B68DFAADA4E0}"
	ProjectSection(ProjectDependencies) = postProject
	EndProjectSection
EndProject
Project("{8BC9CEB8-8B4A-11D0-8D11-00A0C91BC942}") = "pbrain-Tyrannosaurus-R", "pbrain-Tyrannosaurus-R.vcxproj", "{A2A7B57F-3C9F-32A3-A1B5-FE3DA4F0C31A}"
	ProjectSection(ProjectDependencies) = postProject
		{BCDECE9F-3329-3D2F-A8FB-B68DFAADA4E0} = {BCDECE9F-3329-3D2F-A8FB-B68DFAADA4E0}
	EndProjectSection
EndProject
Global
	GlobalSection(SolutionConfigurationPlatforms) = preSolution
		Debug|Win32 = Debug|Win32
		Release|Win32 = Release|Win32
		MinSizeRel|Win32 = MinSizeRel|Win32
		RelWithDebInfo|Win32 = RelWithDebInfo|Win32
	EndGlobalSection
	GlobalSection(ProjectConfigurationPlatforms) = postSolution
		{B4CD9BA9-0DED-3C0A-9DEA-11C6CF263419}.Debug|Win32.ActiveCfg = Debug|Win32
		{B4CD9BA9-0DED-3C0A-9DEA-11C6CF263419}.Release|Win32.ActiveCfg = Release|Win32
		{B4CD9BA9-0DED-3C0A-9DEA-11C6CF263419}.MinSizeRel|Win32.ActiveCfg = MinSizeRel|Win32
		{B4CD9BA9-0DED-3C0A-9DEA-11C6CF263419}.RelWithDebInfo|Win32.ActiveCfg = RelWithDebInfo|Win32
		{BCDECE9F-3329-3D2F-A8FB-B68DFAADA4E0}.Debug|Win32.ActiveCfg = Debug|Win32
		{BCDECE9F-3329-3D2F-A8FB-B68DFAADA4E0}.Debug|Win32.Build.0 = Debug|Win32
		{BCDECE9F-3329-3D2F-A8FB-B68DFAADA4E0}.Release|Win32.ActiveCfg = Release|Win32
		{BCDECE9F-3329-3D2F-A8FB-B68DFAADA4E0}.Release|Win32.Build.0 = Release|Win32
		{BCDECE9F-3329-3D2F-A8FB-B68DFAADA4E0}.MinSizeRel|Win32.ActiveCfg = MinSizeRel|Win32
		{BCDECE9F-3329-3D2F-A8FB-B68DFAADA4E0}.MinSizeRel|Win32.Build.0 = MinSizeRel|Win32
		{BCDECE9F-3329-3D2F-A8FB-B68DFAADA4E0}.RelWithDebInfo|Win32.ActiveCfg = RelWithDebInfo|Win32
		{BCDECE9F-3329-3D2F-A8FB-B68DFAADA4E0}.RelWithDebInfo|Win32.Build.0 = RelWithDebInfo|Win32
		{A2A7B57F-3C9F-32A3-A1B5-FE3DA4F0C31A}.Debug|Win32.ActiveCfg = Debug|Win32
		{A2A7B57F-3C9F-32A3-A1B5-FE3DA4F0C31A}.Debug|Win32.Build.0 = Debug|Win32
		{A2A7B57F-3C9F-32A3-A1B5-FE3DA4F0C31A}.Release|Win32.ActiveCfg = Release|Win32
		{A2A7B57F-3C9F-32A3-A1B5-FE3DA4F0C31A}.Release|Win32.Build.0 = Release|Win32
		{A2A7B57F-3C9F-32A3-A1B5-FE3DA4F0C31A}.MinSizeRel|Win32.ActiveCfg = MinSizeRel|Win32
		{A2A7B57F-3C9F-32A3-A1B5-FE3DA4F0C31A}.MinSizeRel|Win32.Build.0 = MinSizeRel|Win32
		{A2A7B57F-3C9F-32A3-A1B5-FE3DA4F0C31A}.RelWithDebInfo|Win32.ActiveCfg = RelWithDebInfo|Win32
		{A2A7B57F-3C9F-32A3-A1B5-FE3DA4F0C31A}.RelWithDebInfo|Win32.Build.0 = RelWithDebInfo|Win32
	EndGlobalSection
	GlobalSection(ExtensibilityGlobals) = postSolution
		SolutionGuid = {5B21C4BD-9BD9-3AD3-9273-8C56007F556B}
	EndGlobalSection
	GlobalSection(ExtensibilityAddIns) = postSolution
	EndGlobalSection
EndGlobal
